
Microsoft Visual Studio Solution File, Format Version 12.00
# Visual Studio Version 16
VisualStudioVersion = 16.0.29102.190
MinimumVisualStudioVersion = 10.0.40219.1
Project("{9A19103F-16F7-4668-BE54-9A1E7A4F7556}") = "GraphApi", "GraphApi\GraphApi.csproj", "{5E6840A9-3057-4ED4-9A92-F890699CE2B9}"
EndProject
Project("{FAE04EC0-301F-11D3-BF4B-00C04F79EFBC}") = "DataStructureApi", "DataStructureApi\DataStructureApi.csproj", "{2951F1CE-7087-4A98-9401-3A9CC151F359}"
EndProject
Global
	GlobalSection(SolutionConfigurationPlatforms) = preSolution
		Debug|Any CPU = Debug|Any CPU
		Release|Any CPU = Release|Any CPU
	EndGlobalSection
	GlobalSection(ProjectConfigurationPlatforms) = postSolution
		{5E6840A9-3057-4ED4-9A92-F890699CE2B9}.Debug|Any CPU.ActiveCfg = Debug|Any CPU
		{5E6840A9-3057-4ED4-9A92-F890699CE2B9}.Debug|Any CPU.Build.0 = Debug|Any CPU
		{5E6840A9-3057-4ED4-9A92-F890699CE2B9}.Release|Any CPU.ActiveCfg = Release|Any CPU
		{5E6840A9-3057-4ED4-9A92-F890699CE2B9}.Release|Any CPU.Build.0 = Release|Any CPU
		{2951F1CE-7087-4A98-9401-3A9CC151F359}.Debug|Any CPU.ActiveCfg = Debug|Any CPU
		{2951F1CE-7087-4A98-9401-3A9CC151F359}.Debug|Any CPU.Build.0 = Debug|Any CPU
		{2951F1CE-7087-4A98-9401-3A9CC151F359}.Release|Any CPU.ActiveCfg = Release|Any CPU
		{2951F1CE-7087-4A98-9401-3A9CC151F359}.Release|Any CPU.Build.0 = Release|Any CPU
	EndGlobalSection
	GlobalSection(SolutionProperties) = preSolution
		HideSolutionNode = FALSE
	EndGlobalSection
	GlobalSection(ExtensibilityGlobals) = postSolution
		SolutionGuid = {3C1B71BD-8CE8-4E44-BD5D-1E5EB5EF7AE0}
	EndGlobalSection
EndGlobal
